{
  "name": "elevador",
  "version": "1.0.0",
  "lockfileVersion": 1,
  "requires": true,
  "dependencies": {
    "@types/node": {
      "version": "13.9.5",
      "resolved": "https://registry.npmjs.org/@types/node/-/node-13.9.5.tgz",
      "integrity": "sha1-WXOL8wsxrqH6ot9/Sl9VYTdQzwA="
    }
  }
}
